Microsoft Visual Studio Solution File, Format Version 12.00
# Visual Studio 2013
VisualStudioVersion = 12.0.31101.0
MinimumVisualStudioVersion = 10.0.40219.1
Project("{2150E333-8FDC-42A3-9474-1A3956D46DE8}") = "0 - Architecture", "0 - Architecture", "{5B0EEB88-4198-4E94-82B5-84A9A925B50B}"
EndProject
Project("{FAE04EC0-301F-11D3-BF4B-00C04F79EFBC}") = "Repository.Pattern", "Architecture\Repository.Pattern\Repository.Pattern.csproj", "{6E682A14-C872-4813-B620-76E108DEA683}"
EndProject
Project("{FAE04EC0-301F-11D3-BF4B-00C04F79EFBC}") = "Repository.Pattern.Ef6", "Architecture\Repository.Pattern.Ef6\Repository.Pattern.Ef6.csproj", "{F68A1D19-93FB-47C1-A22B-42BEA3E4FD8C}"
EndProject
Project("{FAE04EC0-301F-11D3-BF4B-00C04F79EFBC}") = "Service.Pattern", "Architecture\Service.Pattern\Service.Pattern.csproj", "{86F86650-EE3C-4372-8FEC-40C2FE015022}"
EndProject
Project("{2150E333-8FDC-42A3-9474-1A3956D46DE8}") = ".nuget", ".nuget", "{783EE8B5-E6B7-4750-8983-62A2F5FC9BE0}"
	ProjectSection(SolutionItems) = preProject
		.nuget\NuGet.Config = .nuget\NuGet.Config
		.nuget\NuGet.exe = .nuget\NuGet.exe
		.nuget\NuGet.targets = .nuget\NuGet.targets
	EndProjectSection
EndProject
Project("{2150E333-8FDC-42A3-9474-1A3956D46DE8}") = "2 - Repositories", "2 - Repositories", "{38C3C33E-ADCD-4D4B-AD92-01B7F27942E3}"
EndProject
Project("{2150E333-8FDC-42A3-9474-1A3956D46DE8}") = "1 - Entities", "1 - Entities", "{5D7D043C-D6FD-451E-B8FE-CE630821297A}"
EndProject
Project("{2150E333-8FDC-42A3-9474-1A3956D46DE8}") = "3 - Services", "3 - Services", "{63AD76E6-646B-45FB-9374-F11F74F0F790}"
EndProject
Project("{2150E333-8FDC-42A3-9474-1A3956D46DE8}") = "4 - Presentation", "4 - Presentation", "{50BEA947-88A6-409A-B008-B9C68DC828C4}"
EndProject
Project("{FAE04EC0-301F-11D3-BF4B-00C04F79EFBC}") = "ContC.Extension.EA.domain.entities", "ContC.Extension.EA.domain.entities\ContC.Extension.EA.domain.entities.csproj", "{F32E1431-09ED-4821-9629-B3BC170B69BC}"
EndProject
Project("{FAE04EC0-301F-11D3-BF4B-00C04F79EFBC}") = "ContC.Extension.EA.domain.repositories", "ContC.Extension.EA.domain.repositories\ContC.Extension.EA.domain.repositories.csproj", "{42DEFC3E-A2E4-451C-8E3A-FB664681BA70}"
EndProject
Project("{FAE04EC0-301F-11D3-BF4B-00C04F79EFBC}") = "ContC.Extension.EA.domain.services", "ContC.Extension.EA.domain.services\ContC.Extension.EA.domain.services.csproj", "{86E19A19-E7FC-48FF-AAC2-849C9934431F}"
EndProject
Project("{2150E333-8FDC-42A3-9474-1A3956D46DE8}") = "99 - TESTS", "99 - TESTS", "{554C00C8-1B04-4D50-B7D8-607401D14F22}"
EndProject
Project("{FAE04EC0-301F-11D3-BF4B-00C04F79EFBC}") = "ContC.Extension.EA.tests", "ContC.Extension.EA.tests\ContC.Extension.EA.tests.csproj", "{F44F30FC-0E3C-42E4-83D6-04A9148882C6}"
EndProject
Project("{2150E333-8FDC-42A3-9474-1A3956D46DE8}") = "5 - CrossCutting", "5 - CrossCutting", "{69CBBD12-A320-40BB-B96C-4090B881D4D8}"
EndProject
Project("{FAE04EC0-301F-11D3-BF4B-00C04F79EFBC}") = "ContC.Extension.EA.crosscutting.utilities", "ContC.Extension.EA.crosscutting.utilities\ContC.Extension.EA.crosscutting.utilities.csproj", "{40BD6A2E-CA96-45A3-BB86-D51F08D57D25}"
EndProject
Project("{FAE04EC0-301F-11D3-BF4B-00C04F79EFBC}") = "ContC.Extension.EA.Repositories.Mapping", "ContC.Extension.EA.Repositories.Mapping\ContC.Extension.EA.Repositories.Mapping.csproj", "{808E8808-7D38-46C7-98DC-26122D4461F1}"
EndProject
Project("{FAE04EC0-301F-11D3-BF4B-00C04F79EFBC}") = "ContC.Extension.EA.Console", "ContC.Extension.EA.Console\ContC.Extension.EA.Console.csproj", "{3FCA8CF1-A4F1-41C6-87B4-FC5D88FBAB6A}"
EndProject
Project("{FAE04EC0-301F-11D3-BF4B-00C04F79EFBC}") = "Entity.Pattern", "Entity.Pattern\Entity.Pattern.csproj", "{C8030444-2B0C-4B3C-930D-3DCD1B8DA50A}"
EndProject
Project("{FAE04EC0-301F-11D3-BF4B-00C04F79EFBC}") = "ContC.Extension.EA.CorssCutting.Exceptions", "ContC.Extension.EA.CorssCutting.Exception\ContC.Extension.EA.CorssCutting.Exceptions.csproj", "{CFBEB365-611E-4F98-B556-50035B30A645}"
EndProject
Project("{FAE04EC0-301F-11D3-BF4B-00C04F79EFBC}") = "ContC.Communication.Model", "..\..\src\ContC.Communication.Model\ContC.Communication.Model.csproj", "{DA5C7842-6888-4754-95FA-0C180461A391}"
EndProject
Project("{FAE04EC0-301F-11D3-BF4B-00C04F79EFBC}") = "ContC.Extension.EA.Service", "ContC.Extension.EA.Service\ContC.Extension.EA.Service.csproj", "{D813A533-7EFD-44CA-8C08-38F620B3EC86}"
EndProject
Global
	GlobalSection(SolutionConfigurationPlatforms) = preSolution
		Debug|Any CPU = Debug|Any CPU
		Debug|x86 = Debug|x86
		Release|Any CPU = Release|Any CPU
		Release|x86 = Release|x86
	EndGlobalSection
	GlobalSection(ProjectConfigurationPlatforms) = postSolution
		{6E682A14-C872-4813-B620-76E108DEA683}.Debug|Any CPU.ActiveCfg = Debug|Any CPU
		{6E682A14-C872-4813-B620-76E108DEA683}.Debug|Any CPU.Build.0 = Debug|Any CPU
		{6E682A14-C872-4813-B620-76E108DEA683}.Debug|x86.ActiveCfg = Debug|x86
		{6E682A14-C872-4813-B620-76E108DEA683}.Debug|x86.Build.0 = Debug|x86
		{6E682A14-C872-4813-B620-76E108DEA683}.Release|Any CPU.ActiveCfg = Release|Any CPU
		{6E682A14-C872-4813-B620-76E108DEA683}.Release|Any CPU.Build.0 = Release|Any CPU
		{6E682A14-C872-4813-B620-76E108DEA683}.Release|x86.ActiveCfg = Release|x86
		{6E682A14-C872-4813-B620-76E108DEA683}.Release|x86.Build.0 = Release|x86
		{F68A1D19-93FB-47C1-A22B-42BEA3E4FD8C}.Debug|Any CPU.ActiveCfg = Debug|Any CPU
		{F68A1D19-93FB-47C1-A22B-42BEA3E4FD8C}.Debug|Any CPU.Build.0 = Debug|Any CPU
		{F68A1D19-93FB-47C1-A22B-42BEA3E4FD8C}.Debug|x86.ActiveCfg = Debug|Any CPU
		{F68A1D19-93FB-47C1-A22B-42BEA3E4FD8C}.Release|Any CPU.ActiveCfg = Release|Any CPU
		{F68A1D19-93FB-47C1-A22B-42BEA3E4FD8C}.Release|Any CPU.Build.0 = Release|Any CPU
		{F68A1D19-93FB-47C1-A22B-42BEA3E4FD8C}.Release|x86.ActiveCfg = Release|Any CPU
		{86F86650-EE3C-4372-8FEC-40C2FE015022}.Debug|Any CPU.ActiveCfg = Debug|Any CPU
		{86F86650-EE3C-4372-8FEC-40C2FE015022}.Debug|Any CPU.Build.0 = Debug|Any CPU
		{86F86650-EE3C-4372-8FEC-40C2FE015022}.Debug|x86.ActiveCfg = Debug|Any CPU
		{86F86650-EE3C-4372-8FEC-40C2FE015022}.Release|Any CPU.ActiveCfg = Release|Any CPU
		{86F86650-EE3C-4372-8FEC-40C2FE015022}.Release|Any CPU.Build.0 = Release|Any CPU
		{86F86650-EE3C-4372-8FEC-40C2FE015022}.Release|x86.ActiveCfg = Release|Any CPU
		{F32E1431-09ED-4821-9629-B3BC170B69BC}.Debug|Any CPU.ActiveCfg = Debug|Any CPU
		{F32E1431-09ED-4821-9629-B3BC170B69BC}.Debug|Any CPU.Build.0 = Debug|Any CPU
		{F32E1431-09ED-4821-9629-B3BC170B69BC}.Debug|x86.ActiveCfg = Debug|Any CPU
		{F32E1431-09ED-4821-9629-B3BC170B69BC}.Release|Any CPU.ActiveCfg = Release|Any CPU
		{F32E1431-09ED-4821-9629-B3BC170B69BC}.Release|Any CPU.Build.0 = Release|Any CPU
		{F32E1431-09ED-4821-9629-B3BC170B69BC}.Release|x86.ActiveCfg = Release|Any CPU
		{42DEFC3E-A2E4-451C-8E3A-FB664681BA70}.Debug|Any CPU.ActiveCfg = Debug|Any CPU
		{42DEFC3E-A2E4-451C-8E3A-FB664681BA70}.Debug|Any CPU.Build.0 = Debug|Any CPU
		{42DEFC3E-A2E4-451C-8E3A-FB664681BA70}.Debug|x86.ActiveCfg = Debug|Any CPU
		{42DEFC3E-A2E4-451C-8E3A-FB664681BA70}.Release|Any CPU.ActiveCfg = Release|Any CPU
		{42DEFC3E-A2E4-451C-8E3A-FB664681BA70}.Release|Any CPU.Build.0 = Release|Any CPU
		{42DEFC3E-A2E4-451C-8E3A-FB664681BA70}.Release|x86.ActiveCfg = Release|Any CPU
		{86E19A19-E7FC-48FF-AAC2-849C9934431F}.Debug|Any CPU.ActiveCfg = Debug|Any CPU
		{86E19A19-E7FC-48FF-AAC2-849C9934431F}.Debug|Any CPU.Build.0 = Debug|Any CPU
		{86E19A19-E7FC-48FF-AAC2-849C9934431F}.Debug|x86.ActiveCfg = Debug|Any CPU
		{86E19A19-E7FC-48FF-AAC2-849C9934431F}.Release|Any CPU.ActiveCfg = Release|Any CPU
		{86E19A19-E7FC-48FF-AAC2-849C9934431F}.Release|Any CPU.Build.0 = Release|Any CPU
		{86E19A19-E7FC-48FF-AAC2-849C9934431F}.Release|x86.ActiveCfg = Release|Any CPU
		{F44F30FC-0E3C-42E4-83D6-04A9148882C6}.Debug|Any CPU.ActiveCfg = Debug|Any CPU
		{F44F30FC-0E3C-42E4-83D6-04A9148882C6}.Debug|Any CPU.Build.0 = Debug|Any CPU
		{F44F30FC-0E3C-42E4-83D6-04A9148882C6}.Debug|x86.ActiveCfg = Debug|Any CPU
		{F44F30FC-0E3C-42E4-83D6-04A9148882C6}.Release|Any CPU.ActiveCfg = Release|Any CPU
		{F44F30FC-0E3C-42E4-83D6-04A9148882C6}.Release|Any CPU.Build.0 = Release|Any CPU
		{F44F30FC-0E3C-42E4-83D6-04A9148882C6}.Release|x86.ActiveCfg = Release|Any CPU
		{40BD6A2E-CA96-45A3-BB86-D51F08D57D25}.Debug|Any CPU.ActiveCfg = Debug|Any CPU
		{40BD6A2E-CA96-45A3-BB86-D51F08D57D25}.Debug|Any CPU.Build.0 = Debug|Any CPU
		{40BD6A2E-CA96-45A3-BB86-D51F08D57D25}.Debug|x86.ActiveCfg = Debug|Any CPU
		{40BD6A2E-CA96-45A3-BB86-D51F08D57D25}.Release|Any CPU.ActiveCfg = Release|Any CPU
		{40BD6A2E-CA96-45A3-BB86-D51F08D57D25}.Release|Any CPU.Build.0 = Release|Any CPU
		{40BD6A2E-CA96-45A3-BB86-D51F08D57D25}.Release|x86.ActiveCfg = Release|Any CPU
		{808E8808-7D38-46C7-98DC-26122D4461F1}.Debug|Any CPU.ActiveCfg = Debug|Any CPU
		{808E8808-7D38-46C7-98DC-26122D4461F1}.Debug|Any CPU.Build.0 = Debug|Any CPU
		{808E8808-7D38-46C7-98DC-26122D4461F1}.Debug|x86.ActiveCfg = Debug|Any CPU
		{808E8808-7D38-46C7-98DC-26122D4461F1}.Release|Any CPU.ActiveCfg = Release|Any CPU
		{808E8808-7D38-46C7-98DC-26122D4461F1}.Release|Any CPU.Build.0 = Release|Any CPU
		{808E8808-7D38-46C7-98DC-26122D4461F1}.Release|x86.ActiveCfg = Release|Any CPU
		{3FCA8CF1-A4F1-41C6-87B4-FC5D88FBAB6A}.Debug|Any CPU.ActiveCfg = Debug|Any CPU
		{3FCA8CF1-A4F1-41C6-87B4-FC5D88FBAB6A}.Debug|Any CPU.Build.0 = Debug|Any CPU
		{3FCA8CF1-A4F1-41C6-87B4-FC5D88FBAB6A}.Debug|x86.ActiveCfg = Debug|Any CPU
		{3FCA8CF1-A4F1-41C6-87B4-FC5D88FBAB6A}.Release|Any CPU.ActiveCfg = Release|Any CPU
		{3FCA8CF1-A4F1-41C6-87B4-FC5D88FBAB6A}.Release|Any CPU.Build.0 = Release|Any CPU
		{3FCA8CF1-A4F1-41C6-87B4-FC5D88FBAB6A}.Release|x86.ActiveCfg = Release|Any CPU
		{C8030444-2B0C-4B3C-930D-3DCD1B8DA50A}.Debug|Any CPU.ActiveCfg = Debug|Any CPU
		{C8030444-2B0C-4B3C-930D-3DCD1B8DA50A}.Debug|Any CPU.Build.0 = Debug|Any CPU
		{C8030444-2B0C-4B3C-930D-3DCD1B8DA50A}.Debug|x86.ActiveCfg = Debug|Any CPU
		{C8030444-2B0C-4B3C-930D-3DCD1B8DA50A}.Release|Any CPU.ActiveCfg = Release|Any CPU
		{C8030444-2B0C-4B3C-930D-3DCD1B8DA50A}.Release|Any CPU.Build.0 = Release|Any CPU
		{C8030444-2B0C-4B3C-930D-3DCD1B8DA50A}.Release|x86.ActiveCfg = Release|Any CPU
		{CFBEB365-611E-4F98-B556-50035B30A645}.Debug|Any CPU.ActiveCfg = Debug|Any CPU
		{CFBEB365-611E-4F98-B556-50035B30A645}.Debug|Any CPU.Build.0 = Debug|Any CPU
		{CFBEB365-611E-4F98-B556-50035B30A645}.Debug|x86.ActiveCfg = Debug|Any CPU
		{CFBEB365-611E-4F98-B556-50035B30A645}.Release|Any CPU.ActiveCfg = Release|Any CPU
		{CFBEB365-611E-4F98-B556-50035B30A645}.Release|Any CPU.Build.0 = Release|Any CPU
		{CFBEB365-611E-4F98-B556-50035B30A645}.Release|x86.ActiveCfg = Release|Any CPU
		{DA5C7842-6888-4754-95FA-0C180461A391}.Debug|Any CPU.ActiveCfg = Debug|Any CPU
		{DA5C7842-6888-4754-95FA-0C180461A391}.Debug|Any CPU.Build.0 = Debug|Any CPU
		{DA5C7842-6888-4754-95FA-0C180461A391}.Debug|x86.ActiveCfg = Debug|Any CPU
		{DA5C7842-6888-4754-95FA-0C180461A391}.Release|Any CPU.ActiveCfg = Release|Any CPU
		{DA5C7842-6888-4754-95FA-0C180461A391}.Release|Any CPU.Build.0 = Release|Any CPU
		{DA5C7842-6888-4754-95FA-0C180461A391}.Release|x86.ActiveCfg = Release|Any CPU
		{D813A533-7EFD-44CA-8C08-38F620B3EC86}.Debug|Any CPU.ActiveCfg = Debug|Any CPU
		{D813A533-7EFD-44CA-8C08-38F620B3EC86}.Debug|Any CPU.Build.0 = Debug|Any CPU
		{D813A533-7EFD-44CA-8C08-38F620B3EC86}.Debug|x86.ActiveCfg = Debug|Any CPU
		{D813A533-7EFD-44CA-8C08-38F620B3EC86}.Release|Any CPU.ActiveCfg = Release|Any CPU
		{D813A533-7EFD-44CA-8C08-38F620B3EC86}.Release|Any CPU.Build.0 = Release|Any CPU
		{D813A533-7EFD-44CA-8C08-38F620B3EC86}.Release|x86.ActiveCfg = Release|Any CPU
	EndGlobalSection
	GlobalSection(SolutionProperties) = preSolution
		HideSolutionNode = FALSE
	EndGlobalSection
	GlobalSection(NestedProjects) = preSolution
		{6E682A14-C872-4813-B620-76E108DEA683} = {5B0EEB88-4198-4E94-82B5-84A9A925B50B}
		{F68A1D19-93FB-47C1-A22B-42BEA3E4FD8C} = {5B0EEB88-4198-4E94-82B5-84A9A925B50B}
		{86F86650-EE3C-4372-8FEC-40C2FE015022} = {5B0EEB88-4198-4E94-82B5-84A9A925B50B}
		{F32E1431-09ED-4821-9629-B3BC170B69BC} = {5D7D043C-D6FD-451E-B8FE-CE630821297A}
		{42DEFC3E-A2E4-451C-8E3A-FB664681BA70} = {38C3C33E-ADCD-4D4B-AD92-01B7F27942E3}
		{86E19A19-E7FC-48FF-AAC2-849C9934431F} = {63AD76E6-646B-45FB-9374-F11F74F0F790}
		{40BD6A2E-CA96-45A3-BB86-D51F08D57D25} = {69CBBD12-A320-40BB-B96C-4090B881D4D8}
		{808E8808-7D38-46C7-98DC-26122D4461F1} = {5D7D043C-D6FD-451E-B8FE-CE630821297A}
		{3FCA8CF1-A4F1-41C6-87B4-FC5D88FBAB6A} = {50BEA947-88A6-409A-B008-B9C68DC828C4}
		{C8030444-2B0C-4B3C-930D-3DCD1B8DA50A} = {5B0EEB88-4198-4E94-82B5-84A9A925B50B}
		{CFBEB365-611E-4F98-B556-50035B30A645} = {69CBBD12-A320-40BB-B96C-4090B881D4D8}
		{D813A533-7EFD-44CA-8C08-38F620B3EC86} = {50BEA947-88A6-409A-B008-B9C68DC828C4}
	EndGlobalSection
	GlobalSection(ExtensibilityGlobals) = postSolution
		EnterpriseLibraryConfigurationToolBinariesPathV6 = packages\EnterpriseLibrary.Common.6.0.1304.0\lib\NET45;packages\EnterpriseLibrary.Data.6.0.1304.0\lib\NET45
	EndGlobalSection
	GlobalSection(NestedProjeContC.Extension.EA) = preSolution
		{6E682A14-C872-4813-B620-76E108DEA683} = {5B0EEB88-4198-4E94-82B5-84A9A925B50B}
		{F68A1D19-93FB-47C1-A22B-42BEA3E4FD8C} = {5B0EEB88-4198-4E94-82B5-84A9A925B50B}
		{86F86650-EE3C-4372-8FEC-40C2FE015022} = {5B0EEB88-4198-4E94-82B5-84A9A925B50B}
		{F32E1431-09ED-4821-9629-B3BC170B69BC} = {5D7D043C-D6FD-451E-B8FE-CE630821297A}
		{42DEFC3E-A2E4-451C-8E3A-FB664681BA70} = {38C3C33E-ADCD-4D4B-AD92-01B7F27942E3}
		{86E19A19-E7FC-48FF-AAC2-849C9934431F} = {63AD76E6-646B-45FB-9374-F11F74F0F790}
		{F44F30FC-0E3C-42E4-83D6-04A9148882C6} = {554C00C8-1B04-4D50-B7D8-607401D14F22}
		{5400911A-5920-492F-A341-753FFA18DEB7} = {50BEA947-88A6-409A-B008-B9C68DC828C4}
		{40BD6A2E-CA96-45A3-BB86-D51F08D57D25} = {69CBBD12-A320-40BB-B96C-4090B881D4D8}
	EndGlobalSection
EndGlobal
